github.com/anaseto/gruid v0.18.0 h1:aP5prHUckklRJNOyXSvr6EsVa0TdBvDy2mtPoN4t1KI=
github.com/anaseto/gruid v0.18.0/go.mod h1:csCeg/kLRFAAF4gdrx9EYrQbKBBprmWmEdmR0QMmBc4=
golang.org/x/image v0.0.0-20201208152932-35266b937fa6/go.mod h1:FeLwcggjj3mMvU+oOTbSwawSJRM1uh48EjtB4UJZlP0=
golang.org/x/text v0.3.0/go.mod h1:NqM8EUOU14njkJ3fqMW+pc6Ldnwhi/IjpwHt7yyuwOQ=
